
Microsoft Visual Studio Solution File, Format Version 12.00
# Visual Studio Version 17
VisualStudioVersion = 17.10.35013.160
MinimumVisualStudioVersion = 10.0.40219.1
Project("{9A19103F-16F7-4668-BE54-9A1E7A4F7556}") = "CaloriesManagement", "CaloriesManagement\CaloriesManagement.csproj", "{3414EC3E-8F5C-49FC-9652-BF36F7491D4F}"
EndProject
Global
	GlobalSection(SolutionConfigurationPlatforms) = preSolution
		Debug|Any CPU = Debug|Any CPU
		Release|Any CPU = Release|Any CPU
	EndGlobalSection
	GlobalSection(ProjectConfigurationPlatforms) = postSolution
		{3414EC3E-8F5C-49FC-9652-BF36F7491D4F}.Debug|Any CPU.ActiveCfg = Debug|Any CPU
		{3414EC3E-8F5C-49FC-9652-BF36F7491D4F}.Debug|Any CPU.Build.0 = Debug|Any CPU
		{3414EC3E-8F5C-49FC-9652-BF36F7491D4F}.Release|Any CPU.ActiveCfg = Release|Any CPU
		{3414EC3E-8F5C-49FC-9652-BF36F7491D4F}.Release|Any CPU.Build.0 = Release|Any CPU
	EndGlobalSection
	GlobalSection(SolutionProperties) = preSolution
		HideSolutionNode = FALSE
	EndGlobalSection
	GlobalSection(ExtensibilityGlobals) = postSolution
		SolutionGuid = {AF586AD5-FD3D-4FDB-95BE-C14534FD587F}
	EndGlobalSection
EndGlobal
